{
  "version": 4,
  "terraform_version": "1.0.2",
  "serial": 9,
  "lineage": "7342c186-08d3-a505-4888-4c218f9d2503",
  "outputs": {
    "client_id": {
      "value": "kFOMBEjXrOosistnjNHfILIK",
      "type": "string"
    },
    "database_id": {
      "value": "493ea945-2963-46b3-95ae-c4fc7781da3d",
      "type": "string"
    },
    "secret": {
      "value": "mIt4rkZpWNq.sEtZmzwNjgXjIrW2ymR3+R+AU.GgG0_Blw5q+vrfOgp4jFWsUK-4xwEZG2cPadmg.jkZnRl8-Bcsd_Wsmnr6Hi3n_jhfAxxX9A7E4HfhN489cXOmPR.d",
      "type": "string"
    },
    "secure_connect_bundle_url": {
      "value": "https://datastax-cluster-config-prod.s3.us-east-2.amazonaws.com/493ea945-2963-46b3-95ae-c4fc7781da3d-1/secure-connect-private-link-test.zip?X-Amz-Algorithm=AWS4-HMAC-SHA256\u0026X-Amz-Credential=AKIA2AIQRQ76TUCOHUQ4%2F20220120%2Fus-east-2%2Fs3%2Faws4_request\u0026X-Amz-Date=20220120T143558Z\u0026X-Amz-Expires=300\u0026X-Amz-SignedHeaders=host\u0026X-Amz-Signature=f8127187788dd3faddf20a43b54a45d01ca4e3eb840402b8ff11b9a70d3ecc42",
      "type": "string"
    },
    "token": {
      "value": "AstraCS:kFOMBEjXrOosistnjNHfILIK:f528ab10a2913552dd554d2e71a6d7b93e002a8aca90c9514cb92f86f1662ca6",
      "type": "string"
    }
  },
  "resources": [
    {
      "module": "module.db",
      "mode": "data",
      "type": "astra_secure_connect_bundle_url",
      "name": "dev",
      "provider": "provider[\"registry.terraform.io/datastax/astra\"]",
      "instances": [
        {
          "schema_version": 0,
          "attributes": {
            "database_id": "493ea945-2963-46b3-95ae-c4fc7781da3d",
            "id": "493ea945-2963-46b3-95ae-c4fc7781da3d/secure-connect-bundle/0eb887519d2de0a85826566b84fab429ce58366a25b8f3eff7aac3c9ea166233",
            "url": "https://datastax-cluster-config-prod.s3.us-east-2.amazonaws.com/493ea945-2963-46b3-95ae-c4fc7781da3d-1/secure-connect-private-link-test.zip?X-Amz-Algorithm=AWS4-HMAC-SHA256\u0026X-Amz-Credential=AKIA2AIQRQ76TUCOHUQ4%2F20220120%2Fus-east-2%2Fs3%2Faws4_request\u0026X-Amz-Date=20220120T143558Z\u0026X-Amz-Expires=300\u0026X-Amz-SignedHeaders=host\u0026X-Amz-Signature=f8127187788dd3faddf20a43b54a45d01ca4e3eb840402b8ff11b9a70d3ecc42"
          },
          "sensitive_attributes": []
        }
      ]
    },
    {
      "module": "module.db",
      "mode": "managed",
      "type": "astra_database",
      "name": "dev",
      "provider": "provider[\"registry.terraform.io/datastax/astra\"]",
      "instances": [
        {
          "schema_version": 0,
          "attributes": {
            "additional_keyspaces": [],
            "cloud_provider": "AWS",
            "cqlsh_url": "https://493ea945-2963-46b3-95ae-c4fc7781da3d-eu-central-1.apps.astra.datastax.com/cqlsh",
            "data_endpoint_url": "https://493ea945-2963-46b3-95ae-c4fc7781da3d-eu-central-1.apps.astra.datastax.com/api/rest",
            "grafana_url": "https://493ea945-2963-46b3-95ae-c4fc7781da3d-eu-central-1.dashboard.astra.datastax.com/d/cloud/dse-cluster-condensed?refresh=30s\u0026orgId=1\u0026kiosk=tv",
            "graphql_url": "https://493ea945-2963-46b3-95ae-c4fc7781da3d-eu-central-1.apps.astra.datastax.com/api/graphql",
            "id": "493ea945-2963-46b3-95ae-c4fc7781da3d",
            "keyspace": "private_link_test",
            "name": "private_link_test",
            "node_count": 3,
            "organization_id": "a056b285-9d65-430a-bf68-3778e99f8a6c",
            "owner_id": "lIFkMuoyHDJNAopQcZAjpjXl",
            "regions": [
              "eu-central-1"
            ],
            "replication_factor": 1,
            "status": "ACTIVE",
            "timeouts": null,
            "total_storage": 5
          },
          "sensitive_attributes": [],
          "private": "eyJlMmJmYjczMC1lY2FhLTExZTYtOGY4OC0zNDM2M2JjN2M0YzAiOnsiY3JlYXRlIjoxMjAwMDAwMDAwMDAwLCJyZWFkIjozMDAwMDAwMDAwMDB9fQ=="
        }
      ]
    },
    {
      "module": "module.iam",
      "mode": "managed",
      "type": "astra_role",
      "name": "rw-svc-account",
      "provider": "provider[\"registry.terraform.io/datastax/astra\"]",
      "instances": [
        {
          "schema_version": 0,
          "attributes": {
            "description": "RW Service Account",
            "effect": "allow",
            "id": "31d07d4c-ef4d-403a-a2bf-f51bffc41d0e",
            "policy": [
              "accesslist-read",
              "db-all-keyspace-describe",
              "db-graphql",
              "db-cql",
              "db-keyspace-describe",
              "db-rest",
              "db-table-describe",
              "db-table-modify",
              "db-table-select"
            ],
            "resources": [
              "drn:astra:org:a056b285-9d65-430a-bf68-3778e99f8a6c"
            ],
            "role_id": "31d07d4c-ef4d-403a-a2bf-f51bffc41d0e",
            "role_name": "private_link_test-sa"
          },
          "sensitive_attributes": [],
          "private": "bnVsbA=="
        }
      ]
    },
    {
      "module": "module.iam",
      "mode": "managed",
      "type": "astra_token",
      "name": "svc-account-token",
      "provider": "provider[\"registry.terraform.io/datastax/astra\"]",
      "instances": [
        {
          "schema_version": 0,
          "attributes": {
            "client_id": "kFOMBEjXrOosistnjNHfILIK",
            "id": "kFOMBEjXrOosistnjNHfILIK",
            "roles": [
              "rw-svc-account"
            ],
            "secret": "mIt4rkZpWNq.sEtZmzwNjgXjIrW2ymR3+R+AU.GgG0_Blw5q+vrfOgp4jFWsUK-4xwEZG2cPadmg.jkZnRl8-Bcsd_Wsmnr6Hi3n_jhfAxxX9A7E4HfhN489cXOmPR.d",
            "token": "AstraCS:kFOMBEjXrOosistnjNHfILIK:f528ab10a2913552dd554d2e71a6d7b93e002a8aca90c9514cb92f86f1662ca6"
          },
          "sensitive_attributes": [],
          "private": "bnVsbA=="
        }
      ]
    }
  ]
}
