{
  "version": 4,
  "terraform_version": "1.0.2",
  "serial": 46,
  "lineage": "b2e33af7-26b4-9f2e-a83d-fcaa67686108",
  "outputs": {
    "client_id": {
      "value": "qdbxyWmaJIyAhqAhnoiOkCBm",
      "type": "string"
    },
    "database_id": {
      "value": "99ca32eb-49fb-4109-ae11-1546991bfaab",
      "type": "string"
    },
    "organization_id": {
      "value": "a056b285-9d65-430a-bf68-3778e99f8a6c",
      "type": "string"
    },
    "secret": {
      "value": "4a6OIZFMG4KJ_e.Pb_qBaxCoJZ7Klh.4ji-U4SXrLfQW0WEdD9sQAvezF2Mr0QZ6sMmNC+Q-LeKl4.n0lhbIEy2zRGWu-wMswrvAaZRwS6CD5aCzIzgmbO98kIbr33NZ",
      "type": "string"
    },
    "secure_connect_bundle_url": {
      "value": "https://datastax-cluster-config-prod.s3.us-east-2.amazonaws.com/99ca32eb-49fb-4109-ae11-1546991bfaab-1/secure-connect-private-link-test.zip?X-Amz-Algorithm=AWS4-HMAC-SHA256\u0026X-Amz-Credential=AKIA2AIQRQ76TUCOHUQ4%2F20220121%2Fus-east-2%2Fs3%2Faws4_request\u0026X-Amz-Date=20220121T103856Z\u0026X-Amz-Expires=300\u0026X-Amz-SignedHeaders=host\u0026X-Amz-Signature=95a31bf718cc13e50d0282eb6244f4528f519558a74688ac10bd8dbf30137330",
      "type": "string"
    },
    "token": {
      "value": "AstraCS:qdbxyWmaJIyAhqAhnoiOkCBm:a55e2735de3195cacd376d2343cd6c691ea3585584c00bc36cf2091bf4df649a",
      "type": "string"
    }
  },
  "resources": [
    {
      "module": "module.db",
      "mode": "data",
      "type": "astra_secure_connect_bundle_url",
      "name": "db",
      "provider": "provider[\"registry.terraform.io/datastax/astra\"]",
      "instances": [
        {
          "schema_version": 0,
          "attributes": {
            "database_id": "99ca32eb-49fb-4109-ae11-1546991bfaab",
            "id": "99ca32eb-49fb-4109-ae11-1546991bfaab/secure-connect-bundle/3501729b41be8e0906d1e454d1876236d68547758a2752e83644a5c44b155b1e",
            "url": "https://datastax-cluster-config-prod.s3.us-east-2.amazonaws.com/99ca32eb-49fb-4109-ae11-1546991bfaab-1/secure-connect-private-link-test.zip?X-Amz-Algorithm=AWS4-HMAC-SHA256\u0026X-Amz-Credential=AKIA2AIQRQ76TUCOHUQ4%2F20220121%2Fus-east-2%2Fs3%2Faws4_request\u0026X-Amz-Date=20220121T103856Z\u0026X-Amz-Expires=300\u0026X-Amz-SignedHeaders=host\u0026X-Amz-Signature=95a31bf718cc13e50d0282eb6244f4528f519558a74688ac10bd8dbf30137330"
          },
          "sensitive_attributes": []
        }
      ]
    },
    {
      "module": "module.db",
      "mode": "managed",
      "type": "astra_database",
      "name": "db",
      "provider": "provider[\"registry.terraform.io/datastax/astra\"]",
      "instances": [
        {
          "schema_version": 0,
          "attributes": {
            "additional_keyspaces": [],
            "cloud_provider": "AWS",
            "cqlsh_url": "https://99ca32eb-49fb-4109-ae11-1546991bfaab-eu-central-1.apps.astra.datastax.com/cqlsh",
            "data_endpoint_url": "https://99ca32eb-49fb-4109-ae11-1546991bfaab-eu-central-1.apps.astra.datastax.com/api/rest",
            "grafana_url": "https://99ca32eb-49fb-4109-ae11-1546991bfaab-eu-central-1.dashboard.astra.datastax.com/d/cloud/dse-cluster-condensed?refresh=30s\u0026orgId=1\u0026kiosk=tv",
            "graphql_url": "https://99ca32eb-49fb-4109-ae11-1546991bfaab-eu-central-1.apps.astra.datastax.com/api/graphql",
            "id": "99ca32eb-49fb-4109-ae11-1546991bfaab",
            "keyspace": "private_link_test",
            "name": "private_link_test",
            "node_count": 3,
            "organization_id": "a056b285-9d65-430a-bf68-3778e99f8a6c",
            "owner_id": "lIFkMuoyHDJNAopQcZAjpjXl",
            "regions": [
              "eu-central-1"
            ],
            "replication_factor": 1,
            "status": "ACTIVE",
            "timeouts": null,
            "total_storage": 5
          },
          "sensitive_attributes": [],
          "private": "eyJlMmJmYjczMC1lY2FhLTExZTYtOGY4OC0zNDM2M2JjN2M0YzAiOnsiY3JlYXRlIjoxMjAwMDAwMDAwMDAwLCJyZWFkIjozMDAwMDAwMDAwMDB9fQ=="
        }
      ]
    },
    {
      "module": "module.iam",
      "mode": "managed",
      "type": "astra_role",
      "name": "rw-svc-account",
      "provider": "provider[\"registry.terraform.io/datastax/astra\"]",
      "instances": [
        {
          "schema_version": 0,
          "attributes": {
            "description": "R/W Service Account",
            "effect": "allow",
            "id": "1c42a77a-7732-44d8-a2f8-86049af83fb5",
            "policy": [
              "accesslist-read",
              "db-all-keyspace-describe",
              "db-graphql",
              "db-cql",
              "db-keyspace-describe",
              "db-rest",
              "db-table-describe",
              "db-table-modify",
              "db-table-select"
            ],
            "resources": [
              "drn:astra:org:a056b285-9d65-430a-bf68-3778e99f8a6c"
            ],
            "role_id": "1c42a77a-7732-44d8-a2f8-86049af83fb5",
            "role_name": "rw-svc-account"
          },
          "sensitive_attributes": [],
          "private": "bnVsbA==",
          "dependencies": [
            "module.db.astra_database.db"
          ]
        }
      ]
    },
    {
      "module": "module.iam",
      "mode": "managed",
      "type": "astra_token",
      "name": "svc-account-token",
      "provider": "provider[\"registry.terraform.io/datastax/astra\"]",
      "instances": [
        {
          "schema_version": 0,
          "attributes": {
            "client_id": "qdbxyWmaJIyAhqAhnoiOkCBm",
            "id": "qdbxyWmaJIyAhqAhnoiOkCBm",
            "roles": [
              "1c42a77a-7732-44d8-a2f8-86049af83fb5"
            ],
            "secret": "4a6OIZFMG4KJ_e.Pb_qBaxCoJZ7Klh.4ji-U4SXrLfQW0WEdD9sQAvezF2Mr0QZ6sMmNC+Q-LeKl4.n0lhbIEy2zRGWu-wMswrvAaZRwS6CD5aCzIzgmbO98kIbr33NZ",
            "token": "AstraCS:qdbxyWmaJIyAhqAhnoiOkCBm:a55e2735de3195cacd376d2343cd6c691ea3585584c00bc36cf2091bf4df649a"
          },
          "sensitive_attributes": [],
          "private": "bnVsbA==",
          "dependencies": [
            "module.db.astra_database.db",
            "module.iam.astra_role.rw-svc-account"
          ]
        }
      ]
    }
  ]
}
